
Microsoft Visual Studio Solution File, Format Version 12.00
# Visual Studio 15
VisualStudioVersion = 15.0.26124.0
MinimumVisualStudioVersion = 15.0.26124.0
Project("{FAE04EC0-301F-11D3-BF4B-00C04F79EFBC}") = "Boilerplate.API", "Boilerplate.API\Boilerplate.API.csproj", "{2BF3C2BD-6D8E-4F38-A622-51B00C2F6805}"
EndProject
Project("{FAE04EC0-301F-11D3-BF4B-00C04F79EFBC}") = "Boilerplate.Domain", "Boilerplate.Domain\Boilerplate.Domain.csproj", "{133140E3-87D9-4987-A957-84D17A7E6883}"
EndProject
Project("{FAE04EC0-301F-11D3-BF4B-00C04F79EFBC}") = "Boilerplate.Infrastructure", "Boilerplate.Infrastructure\Boilerplate.Infrastructure.csproj", "{AA69D299-2A89-45BB-9B51-87577687C6EA}"
EndProject
Project("{FAE04EC0-301F-11D3-BF4B-00C04F79EFBC}") = "Boilerplate.Services", "Boilerplate.Services\Boilerplate.Services.csproj", "{3FC9C4CB-58F2-4C49-B1C9-27EF080A3326}"
EndProject
Global
	GlobalSection(SolutionConfigurationPlatforms) = preSolution
		Debug|Any CPU = Debug|Any CPU
		Debug|x64 = Debug|x64
		Debug|x86 = Debug|x86
		Release|Any CPU = Release|Any CPU
		Release|x64 = Release|x64
		Release|x86 = Release|x86
	EndGlobalSection
	GlobalSection(SolutionProperties) = preSolution
		HideSolutionNode = FALSE
	EndGlobalSection
	GlobalSection(ProjectConfigurationPlatforms) = postSolution
		{2BF3C2BD-6D8E-4F38-A622-51B00C2F6805}.Debug|Any CPU.ActiveCfg = Debug|Any CPU
		{2BF3C2BD-6D8E-4F38-A622-51B00C2F6805}.Debug|Any CPU.Build.0 = Debug|Any CPU
		{2BF3C2BD-6D8E-4F38-A622-51B00C2F6805}.Debug|x64.ActiveCfg = Debug|Any CPU
		{2BF3C2BD-6D8E-4F38-A622-51B00C2F6805}.Debug|x64.Build.0 = Debug|Any CPU
		{2BF3C2BD-6D8E-4F38-A622-51B00C2F6805}.Debug|x86.ActiveCfg = Debug|Any CPU
		{2BF3C2BD-6D8E-4F38-A622-51B00C2F6805}.Debug|x86.Build.0 = Debug|Any CPU
		{2BF3C2BD-6D8E-4F38-A622-51B00C2F6805}.Release|Any CPU.ActiveCfg = Release|Any CPU
		{2BF3C2BD-6D8E-4F38-A622-51B00C2F6805}.Release|Any CPU.Build.0 = Release|Any CPU
		{2BF3C2BD-6D8E-4F38-A622-51B00C2F6805}.Release|x64.ActiveCfg = Release|Any CPU
		{2BF3C2BD-6D8E-4F38-A622-51B00C2F6805}.Release|x64.Build.0 = Release|Any CPU
		{2BF3C2BD-6D8E-4F38-A622-51B00C2F6805}.Release|x86.ActiveCfg = Release|Any CPU
		{2BF3C2BD-6D8E-4F38-A622-51B00C2F6805}.Release|x86.Build.0 = Release|Any CPU
		{133140E3-87D9-4987-A957-84D17A7E6883}.Debug|Any CPU.ActiveCfg = Debug|Any CPU
		{133140E3-87D9-4987-A957-84D17A7E6883}.Debug|Any CPU.Build.0 = Debug|Any CPU
		{133140E3-87D9-4987-A957-84D17A7E6883}.Debug|x64.ActiveCfg = Debug|Any CPU
		{133140E3-87D9-4987-A957-84D17A7E6883}.Debug|x64.Build.0 = Debug|Any CPU
		{133140E3-87D9-4987-A957-84D17A7E6883}.Debug|x86.ActiveCfg = Debug|Any CPU
		{133140E3-87D9-4987-A957-84D17A7E6883}.Debug|x86.Build.0 = Debug|Any CPU
		{133140E3-87D9-4987-A957-84D17A7E6883}.Release|Any CPU.ActiveCfg = Release|Any CPU
		{133140E3-87D9-4987-A957-84D17A7E6883}.Release|Any CPU.Build.0 = Release|Any CPU
		{133140E3-87D9-4987-A957-84D17A7E6883}.Release|x64.ActiveCfg = Release|Any CPU
		{133140E3-87D9-4987-A957-84D17A7E6883}.Release|x64.Build.0 = Release|Any CPU
		{133140E3-87D9-4987-A957-84D17A7E6883}.Release|x86.ActiveCfg = Release|Any CPU
		{133140E3-87D9-4987-A957-84D17A7E6883}.Release|x86.Build.0 = Release|Any CPU
		{AA69D299-2A89-45BB-9B51-87577687C6EA}.Debug|Any CPU.ActiveCfg = Debug|Any CPU
		{AA69D299-2A89-45BB-9B51-87577687C6EA}.Debug|Any CPU.Build.0 = Debug|Any CPU
		{AA69D299-2A89-45BB-9B51-87577687C6EA}.Debug|x64.ActiveCfg = Debug|Any CPU
		{AA69D299-2A89-45BB-9B51-87577687C6EA}.Debug|x64.Build.0 = Debug|Any CPU
		{AA69D299-2A89-45BB-9B51-87577687C6EA}.Debug|x86.ActiveCfg = Debug|Any CPU
		{AA69D299-2A89-45BB-9B51-87577687C6EA}.Debug|x86.Build.0 = Debug|Any CPU
		{AA69D299-2A89-45BB-9B51-87577687C6EA}.Release|Any CPU.ActiveCfg = Release|Any CPU
		{AA69D299-2A89-45BB-9B51-87577687C6EA}.Release|Any CPU.Build.0 = Release|Any CPU
		{AA69D299-2A89-45BB-9B51-87577687C6EA}.Release|x64.ActiveCfg = Release|Any CPU
		{AA69D299-2A89-45BB-9B51-87577687C6EA}.Release|x64.Build.0 = Release|Any CPU
		{AA69D299-2A89-45BB-9B51-87577687C6EA}.Release|x86.ActiveCfg = Release|Any CPU
		{AA69D299-2A89-45BB-9B51-87577687C6EA}.Release|x86.Build.0 = Release|Any CPU
		{3FC9C4CB-58F2-4C49-B1C9-27EF080A3326}.Debug|Any CPU.ActiveCfg = Debug|Any CPU
		{3FC9C4CB-58F2-4C49-B1C9-27EF080A3326}.Debug|Any CPU.Build.0 = Debug|Any CPU
		{3FC9C4CB-58F2-4C49-B1C9-27EF080A3326}.Debug|x64.ActiveCfg = Debug|Any CPU
		{3FC9C4CB-58F2-4C49-B1C9-27EF080A3326}.Debug|x64.Build.0 = Debug|Any CPU
		{3FC9C4CB-58F2-4C49-B1C9-27EF080A3326}.Debug|x86.ActiveCfg = Debug|Any CPU
		{3FC9C4CB-58F2-4C49-B1C9-27EF080A3326}.Debug|x86.Build.0 = Debug|Any CPU
		{3FC9C4CB-58F2-4C49-B1C9-27EF080A3326}.Release|Any CPU.ActiveCfg = Release|Any CPU
		{3FC9C4CB-58F2-4C49-B1C9-27EF080A3326}.Release|Any CPU.Build.0 = Release|Any CPU
		{3FC9C4CB-58F2-4C49-B1C9-27EF080A3326}.Release|x64.ActiveCfg = Release|Any CPU
		{3FC9C4CB-58F2-4C49-B1C9-27EF080A3326}.Release|x64.Build.0 = Release|Any CPU
		{3FC9C4CB-58F2-4C49-B1C9-27EF080A3326}.Release|x86.ActiveCfg = Release|Any CPU
		{3FC9C4CB-58F2-4C49-B1C9-27EF080A3326}.Release|x86.Build.0 = Release|Any CPU
	EndGlobalSection
EndGlobal
